<?xml version="1.0" encoding="utf-8"?>
<Project ToolsVersion="4.0" xmlns="http://schemas.microsoft.com/developer/msbuild/2003">
  <ItemGroup>
    <Filter Include="Source Files">
      <UniqueIdentifier>{4FC737F1-C7A5-4376-A066-2A32D752A2FF}</UniqueIdentifier>
      <Extensions>cpp;cxx;c;def</Extensions>
    </Filter>
    <Filter Include="Header Files">
      <UniqueIdentifier>{93995380-89BD-4b04-88EB-625FBE52EBFB}</UniqueIdentifier>
      <Extensions>h</Extensions>
    </Filter>
    <Filter Include="Form Files">
      <UniqueIdentifier>{99349809-55BA-4b9d-BF79-8FDBB0286EB3}</UniqueIdentifier>
      <Extensions>ui</Extensions>
    </Filter>
    <Filter Include="Resource Files">
      <UniqueIdentifier>{D9D6E242-F8AF-46E4-B9FD-80ECBC20BA3E}</UniqueIdentifier>
      <Extensions>qrc;*</Extensions>
      <ParseFiles>false</ParseFiles>
    </Filter>
    <Filter Include="Generated Files">
      <UniqueIdentifier>{71ED8ED8-ACB9-4CE9-BBE1-E00B30144E11}</UniqueIdentifier>
      <Extensions>moc;h;cpp</Extensions>
      <SourceControlFiles>False</SourceControlFiles>
    </Filter>
    <Filter Include="Generated Files\Debug">
      <UniqueIdentifier>{14dd6481-0bb8-485c-99ff-adeefb0d4874}</UniqueIdentifier>
      <Extensions>cpp;moc</Extensions>
      <SourceControlFiles>False</SourceControlFiles>
    </Filter>
    <Filter Include="Generated Files\Release">
      <UniqueIdentifier>{c8d81019-dae3-4d8c-9a45-41164274dd0d}</UniqueIdentifier>
      <Extensions>cpp;moc</Extensions>
      <SourceControlFiles>False</SourceControlFiles>
    </Filter>
    <Filter Include="Model">
      <UniqueIdentifier>{dc03e90c-e14c-4efc-bdb8-3eb58110557d}</UniqueIdentifier>
    </Filter>
    <Filter Include="TableView">
      <UniqueIdentifier>{bb8dc0b1-0aa0-415d-9791-9ad9de8aa55d}</UniqueIdentifier>
    </Filter>
  </ItemGroup>
  <ItemGroup>
    <ClCompile Include="main.cpp">
      <Filter>Source Files</Filter>
    </ClCompile>
    <ClCompile Include="maintrade.cpp">
      <Filter>Source Files</Filter>
    </ClCompile>
    <ClCompile Include="GeneratedFiles\Debug\moc_maintrade.cpp">
      <Filter>Generated Files\Debug</Filter>
    </ClCompile>
    <ClCompile Include="GeneratedFiles\Release\moc_maintrade.cpp">
      <Filter>Generated Files\Release</Filter>
    </ClCompile>
    <ClCompile Include="GeneratedFiles\qrc_maintrade.cpp">
      <Filter>Generated Files</Filter>
    </ClCompile>
    <ClCompile Include="GeneratedFiles\Debug\moc_EventEngine.cpp">
      <Filter>Generated Files\Debug</Filter>
    </ClCompile>
    <ClCompile Include="GeneratedFiles\Release\moc_EventEngine.cpp">
      <Filter>Generated Files\Release</Filter>
    </ClCompile>
    <ClCompile Include="EventEngine.cpp">
      <Filter>Source Files</Filter>
    </ClCompile>
    <ClCompile Include="GeneratedFiles\Debug\moc_CtpMdApi.cpp">
      <Filter>Generated Files\Debug</Filter>
    </ClCompile>
    <ClCompile Include="GeneratedFiles\Release\moc_CtpMdApi.cpp">
      <Filter>Generated Files\Release</Filter>
    </ClCompile>
    <ClCompile Include="CtpMdApi.cpp">
      <Filter>Source Files</Filter>
    </ClCompile>
    <ClCompile Include="MainEngine.cpp">
      <Filter>Source Files</Filter>
    </ClCompile>
    <ClCompile Include="CtpTdApi.cpp">
      <Filter>Source Files</Filter>
    </ClCompile>
    <ClCompile Include="GeneratedFiles\Debug\moc_CtpTdApi.cpp">
      <Filter>Generated Files\Debug</Filter>
    </ClCompile>
    <ClCompile Include="GeneratedFiles\Release\moc_CtpTdApi.cpp">
      <Filter>Generated Files\Release</Filter>
    </ClCompile>
    <ClCompile Include="GeneratedFiles\Debug\moc_CtpCommand.cpp">
      <Filter>Generated Files\Debug</Filter>
    </ClCompile>
    <ClCompile Include="GeneratedFiles\Release\moc_CtpCommand.cpp">
      <Filter>Generated Files\Release</Filter>
    </ClCompile>
    <ClCompile Include="TableView\tableView_Account.cpp">
      <Filter>TableView</Filter>
    </ClCompile>
    <ClCompile Include="GeneratedFiles\Debug\moc_tableView_Account.cpp">
      <Filter>Generated Files\Debug</Filter>
    </ClCompile>
    <ClCompile Include="GeneratedFiles\Release\moc_tableView_Account.cpp">
      <Filter>Generated Files\Release</Filter>
    </ClCompile>
    <ClCompile Include="TableView\tableView_InstrumentInfo.cpp">
      <Filter>TableView</Filter>
    </ClCompile>
    <ClCompile Include="GeneratedFiles\Debug\moc_tableView_InstrumentInfo.cpp">
      <Filter>Generated Files\Debug</Filter>
    </ClCompile>
    <ClCompile Include="GeneratedFiles\Release\moc_tableView_InstrumentInfo.cpp">
      <Filter>Generated Files\Release</Filter>
    </ClCompile>
    <ClCompile Include="TableView\tableView_Position.cpp">
      <Filter>TableView</Filter>
    </ClCompile>
    <ClCompile Include="GeneratedFiles\Debug\moc_tableView_Position.cpp">
      <Filter>Generated Files\Debug</Filter>
    </ClCompile>
    <ClCompile Include="GeneratedFiles\Release\moc_tableView_Position.cpp">
      <Filter>Generated Files\Release</Filter>
    </ClCompile>
    <ClCompile Include="TableView\tableView_Quote.cpp">
      <Filter>TableView</Filter>
    </ClCompile>
    <ClCompile Include="GeneratedFiles\Debug\moc_tableView_Quote.cpp">
      <Filter>Generated Files\Debug</Filter>
    </ClCompile>
    <ClCompile Include="GeneratedFiles\Release\moc_tableView_Quote.cpp">
      <Filter>Generated Files\Release</Filter>
    </ClCompile>
    <ClCompile Include="GeneratedFiles\Debug\moc_CompleteLineEdit.cpp">
      <Filter>Generated Files\Debug</Filter>
    </ClCompile>
    <ClCompile Include="GeneratedFiles\Release\moc_CompleteLineEdit.cpp">
      <Filter>Generated Files\Release</Filter>
    </ClCompile>
    <ClCompile Include="qt_basictool\CompleteLineEdit.cpp">
      <Filter>TableView</Filter>
    </ClCompile>
    <ClCompile Include="TableView\tableView_Order.cpp">
      <Filter>TableView</Filter>
    </ClCompile>
    <ClCompile Include="GeneratedFiles\Debug\moc_tableView_Order.cpp">
      <Filter>Generated Files\Debug</Filter>
    </ClCompile>
    <ClCompile Include="GeneratedFiles\Release\moc_tableView_Order.cpp">
      <Filter>Generated Files\Release</Filter>
    </ClCompile>
    <ClCompile Include="DataEngine.cpp">
      <Filter>Source Files</Filter>
    </ClCompile>
    <ClCompile Include="CtaEngine.cpp">
      <Filter>Source Files</Filter>
    </ClCompile>
    <ClCompile Include="CtaStrategyBase.cpp">
      <Filter>Source Files</Filter>
    </ClCompile>
    <ClCompile Include="StrategyAtrRsi.cpp">
      <Filter>Source Files</Filter>
    </ClCompile>
    <ClCompile Include="TechIndicator.cpp">
      <Filter>Source Files</Filter>
    </ClCompile>
    <ClCompile Include="GLogWrapper.cpp">
      <Filter>Source Files</Filter>
    </ClCompile>
    <ClCompile Include="MySQLApi.cpp">
      <Filter>Source Files</Filter>
    </ClCompile>
  </ItemGroup>
  <ItemGroup>
    <CustomBuild Include="maintrade.h">
      <Filter>Header Files</Filter>
    </CustomBuild>
    <CustomBuild Include="maintrade.ui">
      <Filter>Form Files</Filter>
    </CustomBuild>
    <CustomBuild Include="maintrade.qrc">
      <Filter>Resource Files</Filter>
    </CustomBuild>
    <CustomBuild Include="EventEngine.h">
      <Filter>Header Files</Filter>
    </CustomBuild>
    <CustomBuild Include="CtpMdApi.h">
      <Filter>Header Files</Filter>
    </CustomBuild>
    <CustomBuild Include="CtpTdApi.h">
      <Filter>Header Files</Filter>
    </CustomBuild>
    <CustomBuild Include="CtpCommand.h">
      <Filter>Header Files</Filter>
    </CustomBuild>
    <CustomBuild Include="TableView\tableView_Account.h">
      <Filter>TableView</Filter>
    </CustomBuild>
    <CustomBuild Include="TableView\tableView_InstrumentInfo.h">
      <Filter>TableView</Filter>
    </CustomBuild>
    <CustomBuild Include="TableView\tableView_Position.h">
      <Filter>TableView</Filter>
    </CustomBuild>
    <CustomBuild Include="TableView\tableView_Quote.h">
      <Filter>TableView</Filter>
    </CustomBuild>
    <CustomBuild Include="qt_basictool\CompleteLineEdit.h">
      <Filter>TableView</Filter>
    </CustomBuild>
    <CustomBuild Include="TableView\tableView_Order.h">
      <Filter>TableView</Filter>
    </CustomBuild>
  </ItemGroup>
  <ItemGroup>
    <ClInclude Include="GeneratedFiles\ui_maintrade.h">
      <Filter>Generated Files</Filter>
    </ClInclude>
    <ClInclude Include="MainEngine.h">
      <Filter>Header Files</Filter>
    </ClInclude>
    <ClInclude Include="CallBack.h">
      <Filter>Header Files</Filter>
    </ClInclude>
    <ClInclude Include="Model\PositionBuffer.h">
      <Filter>Model</Filter>
    </ClInclude>
    <ClInclude Include="DataEngine.h">
      <Filter>Header Files</Filter>
    </ClInclude>
    <ClInclude Include="CtaEngine.h">
      <Filter>Header Files</Filter>
    </ClInclude>
    <ClInclude Include="CtaBase.h">
      <Filter>Header Files</Filter>
    </ClInclude>
    <ClInclude Include="EventBase.h">
      <Filter>Header Files</Filter>
    </ClInclude>
    <ClInclude Include="CtaStrategyBase.h">
      <Filter>Header Files</Filter>
    </ClInclude>
    <ClInclude Include="StrategyAtrRsi.h">
      <Filter>Header Files</Filter>
    </ClInclude>
    <ClInclude Include="TechIndicator.h">
      <Filter>Header Files</Filter>
    </ClInclude>
    <ClInclude Include="Model\PublicStruct.h">
      <Filter>Model</Filter>
    </ClInclude>
    <ClInclude Include="GLogWrapper.h">
      <Filter>Header Files</Filter>
    </ClInclude>
    <ClInclude Include="MySQLApi.h">
      <Filter>Header Files</Filter>
    </ClInclude>
  </ItemGroup>
</Project>